
Microsoft Visual Studio Solution File, Format Version 12.00
# Visual Studio Version 17
VisualStudioVersion = 17.3.32901.215
MinimumVisualStudioVersion = 10.0.40219.1
Project("{FAE04EC0-301F-11D3-BF4B-00C04F79EFBC}") = "Face-Detection", "AI_Lab1.3\Face-Detection.csproj", "{7FA16C66-2A97-43E1-A809-249B7528D3D0}"
EndProject
Global
	GlobalSection(SolutionConfigurationPlatforms) = preSolution
		Debug|Any CPU = Debug|Any CPU
		Release|Any CPU = Release|Any CPU
	EndGlobalSection
	GlobalSection(ProjectConfigurationPlatforms) = postSolution
		{7FA16C66-2A97-43E1-A809-249B7528D3D0}.Debug|Any CPU.ActiveCfg = Debug|Any CPU
		{7FA16C66-2A97-43E1-A809-249B7528D3D0}.Debug|Any CPU.Build.0 = Debug|Any CPU
		{7FA16C66-2A97-43E1-A809-249B7528D3D0}.Release|Any CPU.ActiveCfg = Release|Any CPU
		{7FA16C66-2A97-43E1-A809-249B7528D3D0}.Release|Any CPU.Build.0 = Release|Any CPU
	EndGlobalSection
	GlobalSection(SolutionProperties) = preSolution
		HideSolutionNode = FALSE
	EndGlobalSection
	GlobalSection(ExtensibilityGlobals) = postSolution
		SolutionGuid = {8A644B2B-238C-48F6-A9BB-5D5E5132CF02}
	EndGlobalSection
EndGlobal
